
Microsoft Visual Studio Solution File, Format Version 12.00
Project("{FAE04EC0-301F-11D3-BF4B-00C04F79EFBC}") = "Parser", "Parser\Parser.csproj", "{8A57A016-B746-4F4D-9CE4-271ECBCA8028}"
EndProject
Project("{FAE04EC0-301F-11D3-BF4B-00C04F79EFBC}") = "ParserTests", "ParserTests\ParserTests.csproj", "{FD218AB8-7C4F-4723-BCEF-ED0B8667C6CA}"
EndProject
Global
	GlobalSection(SolutionConfigurationPlatforms) = preSolution
		Debug|Any CPU = Debug|Any CPU
		Release|Any CPU = Release|Any CPU
	EndGlobalSection
	GlobalSection(ProjectConfigurationPlatforms) = postSolution
		{8A57A016-B746-4F4D-9CE4-271ECBCA8028}.Debug|Any CPU.ActiveCfg = Debug|Any CPU
		{8A57A016-B746-4F4D-9CE4-271ECBCA8028}.Debug|Any CPU.Build.0 = Debug|Any CPU
		{8A57A016-B746-4F4D-9CE4-271ECBCA8028}.Release|Any CPU.ActiveCfg = Release|Any CPU
		{8A57A016-B746-4F4D-9CE4-271ECBCA8028}.Release|Any CPU.Build.0 = Release|Any CPU
		{FD218AB8-7C4F-4723-BCEF-ED0B8667C6CA}.Debug|Any CPU.ActiveCfg = Debug|Any CPU
		{FD218AB8-7C4F-4723-BCEF-ED0B8667C6CA}.Debug|Any CPU.Build.0 = Debug|Any CPU
		{FD218AB8-7C4F-4723-BCEF-ED0B8667C6CA}.Release|Any CPU.ActiveCfg = Release|Any CPU
		{FD218AB8-7C4F-4723-BCEF-ED0B8667C6CA}.Release|Any CPU.Build.0 = Release|Any CPU
	EndGlobalSection
EndGlobal
